
Microsoft Visual Studio Solution File, Format Version 12.00
Project("{FAE04EC0-301F-11D3-BF4B-00C04F79EFBC}") = "Mauriced", "Mauriced\Mauriced.csproj", "{EB804707-6BE4-45BA-A2C8-705903ED8948}"
EndProject
Global
	GlobalSection(SolutionConfigurationPlatforms) = preSolution
		Debug|Any CPU = Debug|Any CPU
		Release|Any CPU = Release|Any CPU
	EndGlobalSection
	GlobalSection(ProjectConfigurationPlatforms) = postSolution
		{EB804707-6BE4-45BA-A2C8-705903ED8948}.Debug|Any CPU.ActiveCfg = Debug|Any CPU
		{EB804707-6BE4-45BA-A2C8-705903ED8948}.Debug|Any CPU.Build.0 = Debug|Any CPU
		{EB804707-6BE4-45BA-A2C8-705903ED8948}.Release|Any CPU.ActiveCfg = Release|Any CPU
		{EB804707-6BE4-45BA-A2C8-705903ED8948}.Release|Any CPU.Build.0 = Release|Any CPU
	EndGlobalSection
EndGlobal
